
Microsoft Visual Studio Solution File, Format Version 12.00
# Visual Studio Version 17
VisualStudioVersion = 17.9.34622.214
MinimumVisualStudioVersion = 10.0.40219.1
Project("{FAE04EC0-301F-11D3-BF4B-00C04F79EFBC}") = "Bai4-GiaoDien", "Bai4-GiaoDien\Bai4-GiaoDien.csproj", "{B340F055-0A40-46D0-B206-A239698C017C}"
EndProject
Global
	GlobalSection(SolutionConfigurationPlatforms) = preSolution
		Debug|Any CPU = Debug|Any CPU
		Release|Any CPU = Release|Any CPU
	EndGlobalSection
	GlobalSection(ProjectConfigurationPlatforms) = postSolution
		{B340F055-0A40-46D0-B206-A239698C017C}.Debug|Any CPU.ActiveCfg = Debug|Any CPU
		{B340F055-0A40-46D0-B206-A239698C017C}.Debug|Any CPU.Build.0 = Debug|Any CPU
		{B340F055-0A40-46D0-B206-A239698C017C}.Release|Any CPU.ActiveCfg = Release|Any CPU
		{B340F055-0A40-46D0-B206-A239698C017C}.Release|Any CPU.Build.0 = Release|Any CPU
	EndGlobalSection
	GlobalSection(SolutionProperties) = preSolution
		HideSolutionNode = FALSE
	EndGlobalSection
	GlobalSection(ExtensibilityGlobals) = postSolution
		SolutionGuid = {FA9D755D-1C8D-401C-957D-B27C8DC3CA59}
	EndGlobalSection
EndGlobal
